
Microsoft Visual Studio Solution File, Format Version 12.00
# Visual Studio Version 16
VisualStudioVersion = 16.0.31409.214
MinimumVisualStudioVersion = 10.0.40219.1
Project("{9A19103F-16F7-4668-BE54-9A1E7A4F7556}") = "ContactBook-api", "ContactBook-api\ContactBook-api.csproj", "{01D65CAE-2532-4883-8B05-7BED13BB53A6}"
EndProject
Project("{FAE04EC0-301F-11D3-BF4B-00C04F79EFBC}") = "ContactBook.Domain", "ContactBook.Domain\ContactBook.Domain.csproj", "{F4AEA7BE-0708-4ACC-BBB3-B5CF88264E2C}"
EndProject
Project("{FAE04EC0-301F-11D3-BF4B-00C04F79EFBC}") = "Core.Packages", "libs\Core.Packages\Core.Packages.csproj", "{3F8A4D3C-9DEB-4F14-9F1F-E970F48CAAA1}"
EndProject
Project("{FAE04EC0-301F-11D3-BF4B-00C04F79EFBC}") = "ContactBook.Application", "ContactBook.Application\ContactBook.Application.csproj", "{27627116-327E-4BB5-B70A-C30DFE7456DE}"
EndProject
Project("{FAE04EC0-301F-11D3-BF4B-00C04F79EFBC}") = "ContactBook.Persistence", "ContactBook.Persistence\ContactBook.Persistence.csproj", "{2B7BE42F-8239-43C4-B5C9-1AF558B7D6B3}"
EndProject
Global
	GlobalSection(SolutionConfigurationPlatforms) = preSolution
		Debug|Any CPU = Debug|Any CPU
		Release|Any CPU = Release|Any CPU
	EndGlobalSection
	GlobalSection(ProjectConfigurationPlatforms) = postSolution
		{01D65CAE-2532-4883-8B05-7BED13BB53A6}.Debug|Any CPU.ActiveCfg = Debug|Any CPU
		{01D65CAE-2532-4883-8B05-7BED13BB53A6}.Debug|Any CPU.Build.0 = Debug|Any CPU
		{01D65CAE-2532-4883-8B05-7BED13BB53A6}.Release|Any CPU.ActiveCfg = Release|Any CPU
		{01D65CAE-2532-4883-8B05-7BED13BB53A6}.Release|Any CPU.Build.0 = Release|Any CPU
		{F4AEA7BE-0708-4ACC-BBB3-B5CF88264E2C}.Debug|Any CPU.ActiveCfg = Debug|Any CPU
		{F4AEA7BE-0708-4ACC-BBB3-B5CF88264E2C}.Debug|Any CPU.Build.0 = Debug|Any CPU
		{F4AEA7BE-0708-4ACC-BBB3-B5CF88264E2C}.Release|Any CPU.ActiveCfg = Release|Any CPU
		{F4AEA7BE-0708-4ACC-BBB3-B5CF88264E2C}.Release|Any CPU.Build.0 = Release|Any CPU
		{3F8A4D3C-9DEB-4F14-9F1F-E970F48CAAA1}.Debug|Any CPU.ActiveCfg = Debug|Any CPU
		{3F8A4D3C-9DEB-4F14-9F1F-E970F48CAAA1}.Debug|Any CPU.Build.0 = Debug|Any CPU
		{3F8A4D3C-9DEB-4F14-9F1F-E970F48CAAA1}.Release|Any CPU.ActiveCfg = Release|Any CPU
		{3F8A4D3C-9DEB-4F14-9F1F-E970F48CAAA1}.Release|Any CPU.Build.0 = Release|Any CPU
		{27627116-327E-4BB5-B70A-C30DFE7456DE}.Debug|Any CPU.ActiveCfg = Debug|Any CPU
		{27627116-327E-4BB5-B70A-C30DFE7456DE}.Debug|Any CPU.Build.0 = Debug|Any CPU
		{27627116-327E-4BB5-B70A-C30DFE7456DE}.Release|Any CPU.ActiveCfg = Release|Any CPU
		{27627116-327E-4BB5-B70A-C30DFE7456DE}.Release|Any CPU.Build.0 = Release|Any CPU
		{2B7BE42F-8239-43C4-B5C9-1AF558B7D6B3}.Debug|Any CPU.ActiveCfg = Debug|Any CPU
		{2B7BE42F-8239-43C4-B5C9-1AF558B7D6B3}.Debug|Any CPU.Build.0 = Debug|Any CPU
		{2B7BE42F-8239-43C4-B5C9-1AF558B7D6B3}.Release|Any CPU.ActiveCfg = Release|Any CPU
		{2B7BE42F-8239-43C4-B5C9-1AF558B7D6B3}.Release|Any CPU.Build.0 = Release|Any CPU
	EndGlobalSection
	GlobalSection(SolutionProperties) = preSolution
		HideSolutionNode = FALSE
	EndGlobalSection
	GlobalSection(ExtensibilityGlobals) = postSolution
		SolutionGuid = {079AF964-EF02-4879-97FC-1BF9A8FB3956}
	EndGlobalSection
EndGlobal
